// !$*UTF8*$!
{
	archiveVersion = 1;
	classes = {
	};
	objectVersion = 77;
	objects = {

/* Begin PBXBuildFile section */
		E4994982EC1AD07DCA62E406 /* SplashLoginView.swift in Sources */ = {isa = PBXBuildFile; fileRef = 5C0E9BEF88BD1F6D6E13FB8A /* SplashLoginView.swift */; };
		AEA6F29434FC031C9750A01C /* HomeView.swift in Sources */ = {isa = PBXBuildFile; fileRef = 38719F3F0ED654EEE5CEE36D /* HomeView.swift */; };
		266F56A73987AFF91C0A4378 /* ClientiView.swift in Sources */ = {isa = PBXBuildFile; fileRef = 1891E2989C5A89651E9C7352 /* ClientiView.swift */; };
		926234C68E7BEC01994BAFAB /* ListinoView.swift in Sources */ = {isa = PBXBuildFile; fileRef = 4D70B0B6E1EA01AEC9DCAE46 /* ListinoView.swift */; };
		0B18823F33FE484E760A9354 /* ImpostazioniView.swift in Sources */ = {isa = PBXBuildFile; fileRef = D88BF69EB1C6E671F3674235 /* ImpostazioniView.swift */; };
		509C271570CA52A51F20C5F1 /* DSComponents.swift in Sources */ = {isa = PBXBuildFile; fileRef = 61F1591E7033214CB58DF1CA /* DSComponents.swift */; };
		C69BD837294C298D0D043CA4 /* DemoSeed.swift in Sources */ = {isa = PBXBuildFile; fileRef = 55090951851A63191759A171 /* DemoSeed.swift */; };
		1BF4EA18F92D4771C5B00446 /* AcrobaticaModels.swift in Sources */ = {isa = PBXBuildFile; fileRef = E3968BB0A647FA6697945A87 /* AcrobaticaModels.swift */; };
		233535E38489D6F2D259C217 /* FacadeCaptureSession.swift in Sources */ = {isa = PBXBuildFile; fileRef = 4AAB2ADE8C35D061B5FD941E /* FacadeCaptureSession.swift */; };
		3D39741B48AA0D8F6CAA1284 /* FrameStrip.swift in Sources */ = {isa = PBXBuildFile; fileRef = 2CDE35BF5B1B772E7F1572A3 /* FrameStrip.swift */; };
		448E7A52D8121E1AAB230BA2 /* CaptureMatchAnalyzer.swift in Sources */ = {isa = PBXBuildFile; fileRef = DA6E535BFFD0F517AC369FC5 /* CaptureMatchAnalyzer.swift */; };
		4CF65B0E4150636D653D1EA2 /* AnteprimaPreventivoView.swift in Sources */ = {isa = PBXBuildFile; fileRef = 8E64A5DA5F2EC4D5C981EA98 /* AnteprimaPreventivoView.swift */; };
		51E5B427678DA897233BA9BC /* CantieriListView.swift in Sources */ = {isa = PBXBuildFile; fileRef = D8E07680504053B52C170437 /* CantieriListView.swift */; };
		569CEF5FFD3ABE86B3B35D3C /* CapturedFacadePhoto.swift in Sources */ = {isa = PBXBuildFile; fileRef = 1445107498B1254682E63404 /* CapturedFacadePhoto.swift */; };
		61A1C8E5BAC7E4F62ECD9F0F /* ARFacadeCaptureManager.swift in Sources */ = {isa = PBXBuildFile; fileRef = 9DE0A01CE25933D499B74A0C /* ARFacadeCaptureManager.swift */; };
		7173DDC306E4219F39ECB625 /* TapWallPlaneView.swift in Sources */ = {isa = PBXBuildFile; fileRef = F4EB3402A0E87FE94AC35FEC /* TapWallPlaneView.swift */; };
		7935F22E7734E3FA5FEF36B2 /* GlassPill.swift in Sources */ = {isa = PBXBuildFile; fileRef = BCE794A2EB80DAF3460C7557 /* GlassPill.swift */; };
		822051E32D6830231B04FDE0 /* ListaPreventiviView.swift in Sources */ = {isa = PBXBuildFile; fileRef = 9BB324F04816C2F0232B916F /* ListaPreventiviView.swift */; };
		870811DCDE5C135871522F3E /* FirmaClienteView.swift in Sources */ = {isa = PBXBuildFile; fileRef = CC222326D094F56C881CB927 /* FirmaClienteView.swift */; };
		8CCCCE939DF41BBA325A945D /* Theme.swift in Sources */ = {isa = PBXBuildFile; fileRef = 5539BCECE5689D083EFC227D /* Theme.swift */; };
		913420FC6B940221A9650E59 /* SmartGhostOverlay.swift in Sources */ = {isa = PBXBuildFile; fileRef = 5B20DCB9C5930C96C5D83562 /* SmartGhostOverlay.swift */; };
		93C526665DDE161B6F6198B4 /* MeasureScaleView.swift in Sources */ = {isa = PBXBuildFile; fileRef = 863870D7CB1F9B497A9F7501 /* MeasureScaleView.swift */; };
		95C290024223B84A86688B8C /* AcrobaticaApp.swift in Sources */ = {isa = PBXBuildFile; fileRef = E6C202BCFA7055D0E02D5ECD /* AcrobaticaApp.swift */; };
		BB12C3D4E5F6071829304191 /* CrashReporter.swift in Sources */ = {isa = PBXBuildFile; fileRef = AB12C3D4E5F6071829304190 /* CrashReporter.swift */; };
		97D96D5A16B14AF888DF729E /* LevelGridOverlay.swift in Sources */ = {isa = PBXBuildFile; fileRef = 9E3164DE0B638CE170B20099 /* LevelGridOverlay.swift */; };
		A201361AB22694F8A23394FC /* Assets.xcassets in Resources */ = {isa = PBXBuildFile; fileRef = 578FA7BB14F86217CFEBCC1F /* Assets.xcassets */; };
		BB12C3D4E5F6071829304171 /* facciata_demo.obj in Resources */ = {isa = PBXBuildFile; fileRef = AB12C3D4E5F6071829304170 /* facciata_demo.obj */; };
		A72C629727199E4A5C16790E /* DettaglioCantiereView.swift in Sources */ = {isa = PBXBuildFile; fileRef = F3131FAD44663090F22DE9AB /* DettaglioCantiereView.swift */; };
		AA2EA4B122224BDDFC786543 /* BackendAPIClient.swift in Sources */ = {isa = PBXBuildFile; fileRef = 49928F98B55B057264EDD010 /* BackendAPIClient.swift */; };
		AEDAFCAF02A652D1AF7F05F4 /* CatturaARView.swift in Sources */ = {isa = PBXBuildFile; fileRef = 76BB94EDE2BAE0D54BA99139 /* CatturaARView.swift */; };
		C29C3712937D4BBB18CE1B78 /* BrandButton.swift in Sources */ = {isa = PBXBuildFile; fileRef = 6F6CF9B766C137FCC0821F72 /* BrandButton.swift */; };
		C6EF437FAD19011ADD2F3B44 /* CompassStripOverlay.swift in Sources */ = {isa = PBXBuildFile; fileRef = 6157C7309F698F67C834A225 /* CompassStripOverlay.swift */; };
		CACC14F6D401EC9717BEF85A /* PitchLadderOverlay.swift in Sources */ = {isa = PBXBuildFile; fileRef = FA72429905ECAB4F881366B9 /* PitchLadderOverlay.swift */; };
		D0B9B8F66F1C12D909B1CEA9 /* PDFPreventivoView.swift in Sources */ = {isa = PBXBuildFile; fileRef = 5FACDED47CEB242E07978EE6 /* PDFPreventivoView.swift */; };
		E3E6267F3038DC1DD6429160 /* RisultatoPanoramaView.swift in Sources */ = {isa = PBXBuildFile; fileRef = 6A8E376261B27EA74B81C490 /* RisultatoPanoramaView.swift */; };
		EFD0D633027E9752E22196D9 /* ARPreviewView.swift in Sources */ = {isa = PBXBuildFile; fileRef = 59DAFDD7F2EB30EEBEB66FD8 /* ARPreviewView.swift */; };
		FB6B50967C6052A165C60BC1 /* ShutterButton.swift in Sources */ = {isa = PBXBuildFile; fileRef = D80C56BDFB1904F88745BAA2 /* ShutterButton.swift */; };
		FF556CD6897B68CD73CCE167 /* RectifyFacadeView.swift in Sources */ = {isa = PBXBuildFile; fileRef = 57FEA8EBFAA241D57DF68DA8 /* RectifyFacadeView.swift */; };
		BB12C3D4E5F6071829304151 /* ZonaFacciata.swift in Sources */ = {isa = PBXBuildFile; fileRef = AB12C3D4E5F6071829304150 /* ZonaFacciata.swift */; };
		BB12C3D4E5F6071829304181 /* EditableMesh.swift in Sources */ = {isa = PBXBuildFile; fileRef = AB12C3D4E5F6071829304180 /* EditableMesh.swift */; };
		BB12C3D4E5F6071829304153 /* MarcaturaFacciataView.swift in Sources */ = {isa = PBXBuildFile; fileRef = AB12C3D4E5F6071829304152 /* MarcaturaFacciataView.swift */; };
		BB12C3D4E5F6071829304161 /* EditorMesh3DView.swift in Sources */ = {isa = PBXBuildFile; fileRef = AB12C3D4E5F6071829304160 /* EditorMesh3DView.swift */; };
		BB12C3D4E5F6071829304155 /* EditorGestureView.swift in Sources */ = {isa = PBXBuildFile; fileRef = AB12C3D4E5F6071829304154 /* EditorGestureView.swift */; };
/* End PBXBuildFile section */

/* Begin PBXFileReference section */
		5C0E9BEF88BD1F6D6E13FB8A /* SplashLoginView.swift */ = {isa = PBXFileReference; lastKnownFileType = sourcecode.swift; path = SplashLoginView.swift; sourceTree = "<group>"; };
		38719F3F0ED654EEE5CEE36D /* HomeView.swift */ = {isa = PBXFileReference; lastKnownFileType = sourcecode.swift; path = HomeView.swift; sourceTree = "<group>"; };
		1891E2989C5A89651E9C7352 /* ClientiView.swift */ = {isa = PBXFileReference; lastKnownFileType = sourcecode.swift; path = ClientiView.swift; sourceTree = "<group>"; };
		4D70B0B6E1EA01AEC9DCAE46 /* ListinoView.swift */ = {isa = PBXFileReference; lastKnownFileType = sourcecode.swift; path = ListinoView.swift; sourceTree = "<group>"; };
		D88BF69EB1C6E671F3674235 /* ImpostazioniView.swift */ = {isa = PBXFileReference; lastKnownFileType = sourcecode.swift; path = ImpostazioniView.swift; sourceTree = "<group>"; };
		61F1591E7033214CB58DF1CA /* DSComponents.swift */ = {isa = PBXFileReference; lastKnownFileType = sourcecode.swift; path = DSComponents.swift; sourceTree = "<group>"; };
		55090951851A63191759A171 /* DemoSeed.swift */ = {isa = PBXFileReference; lastKnownFileType = sourcecode.swift; path = DemoSeed.swift; sourceTree = "<group>"; };
		1445107498B1254682E63404 /* CapturedFacadePhoto.swift */ = {isa = PBXFileReference; lastKnownFileType = sourcecode.swift; path = CapturedFacadePhoto.swift; sourceTree = "<group>"; };
		2CDE35BF5B1B772E7F1572A3 /* FrameStrip.swift */ = {isa = PBXFileReference; lastKnownFileType = sourcecode.swift; path = FrameStrip.swift; sourceTree = "<group>"; };
		49928F98B55B057264EDD010 /* BackendAPIClient.swift */ = {isa = PBXFileReference; lastKnownFileType = sourcecode.swift; path = BackendAPIClient.swift; sourceTree = "<group>"; };
		4AAB2ADE8C35D061B5FD941E /* FacadeCaptureSession.swift */ = {isa = PBXFileReference; lastKnownFileType = sourcecode.swift; path = FacadeCaptureSession.swift; sourceTree = "<group>"; };
		5539BCECE5689D083EFC227D /* Theme.swift */ = {isa = PBXFileReference; lastKnownFileType = sourcecode.swift; path = Theme.swift; sourceTree = "<group>"; };
		578FA7BB14F86217CFEBCC1F /* Assets.xcassets */ = {isa = PBXFileReference; lastKnownFileType = folder.assetcatalog; path = Assets.xcassets; sourceTree = "<group>"; };
		AB12C3D4E5F6071829304170 /* facciata_demo.obj */ = {isa = PBXFileReference; lastKnownFileType = text; path = Resources/facciata_demo.obj; sourceTree = "<group>"; };
		57FEA8EBFAA241D57DF68DA8 /* RectifyFacadeView.swift */ = {isa = PBXFileReference; lastKnownFileType = sourcecode.swift; path = RectifyFacadeView.swift; sourceTree = "<group>"; };
		59DAFDD7F2EB30EEBEB66FD8 /* ARPreviewView.swift */ = {isa = PBXFileReference; lastKnownFileType = sourcecode.swift; path = ARPreviewView.swift; sourceTree = "<group>"; };
		5B20DCB9C5930C96C5D83562 /* SmartGhostOverlay.swift */ = {isa = PBXFileReference; lastKnownFileType = sourcecode.swift; path = SmartGhostOverlay.swift; sourceTree = "<group>"; };
		5FACDED47CEB242E07978EE6 /* PDFPreventivoView.swift */ = {isa = PBXFileReference; lastKnownFileType = sourcecode.swift; path = PDFPreventivoView.swift; sourceTree = "<group>"; };
		6157C7309F698F67C834A225 /* CompassStripOverlay.swift */ = {isa = PBXFileReference; lastKnownFileType = sourcecode.swift; path = CompassStripOverlay.swift; sourceTree = "<group>"; };
		6A8E376261B27EA74B81C490 /* RisultatoPanoramaView.swift */ = {isa = PBXFileReference; lastKnownFileType = sourcecode.swift; path = RisultatoPanoramaView.swift; sourceTree = "<group>"; };
		6F6CF9B766C137FCC0821F72 /* BrandButton.swift */ = {isa = PBXFileReference; lastKnownFileType = sourcecode.swift; path = BrandButton.swift; sourceTree = "<group>"; };
		76BB94EDE2BAE0D54BA99139 /* CatturaARView.swift */ = {isa = PBXFileReference; lastKnownFileType = sourcecode.swift; path = CatturaARView.swift; sourceTree = "<group>"; };
		863870D7CB1F9B497A9F7501 /* MeasureScaleView.swift */ = {isa = PBXFileReference; lastKnownFileType = sourcecode.swift; path = MeasureScaleView.swift; sourceTree = "<group>"; };
		8B3ECBCD2B0B463BAE03F0E2 /* Acrobatica.app */ = {isa = PBXFileReference; includeInIndex = 0; lastKnownFileType = wrapper.application; path = Acrobatica.app; sourceTree = BUILT_PRODUCTS_DIR; };
		8E64A5DA5F2EC4D5C981EA98 /* AnteprimaPreventivoView.swift */ = {isa = PBXFileReference; lastKnownFileType = sourcecode.swift; path = AnteprimaPreventivoView.swift; sourceTree = "<group>"; };
		92D7F6D5CC7B960A9E720E63 /* Info.plist */ = {isa = PBXFileReference; lastKnownFileType = text.plist; path = Info.plist; sourceTree = "<group>"; };
		9BB324F04816C2F0232B916F /* ListaPreventiviView.swift */ = {isa = PBXFileReference; lastKnownFileType = sourcecode.swift; path = ListaPreventiviView.swift; sourceTree = "<group>"; };
		9DE0A01CE25933D499B74A0C /* ARFacadeCaptureManager.swift */ = {isa = PBXFileReference; lastKnownFileType = sourcecode.swift; path = ARFacadeCaptureManager.swift; sourceTree = "<group>"; };
		9E3164DE0B638CE170B20099 /* LevelGridOverlay.swift */ = {isa = PBXFileReference; lastKnownFileType = sourcecode.swift; path = LevelGridOverlay.swift; sourceTree = "<group>"; };
		BCE794A2EB80DAF3460C7557 /* GlassPill.swift */ = {isa = PBXFileReference; lastKnownFileType = sourcecode.swift; path = GlassPill.swift; sourceTree = "<group>"; };
		CC222326D094F56C881CB927 /* FirmaClienteView.swift */ = {isa = PBXFileReference; lastKnownFileType = sourcecode.swift; path = FirmaClienteView.swift; sourceTree = "<group>"; };
		D80C56BDFB1904F88745BAA2 /* ShutterButton.swift */ = {isa = PBXFileReference; lastKnownFileType = sourcecode.swift; path = ShutterButton.swift; sourceTree = "<group>"; };
		D8E07680504053B52C170437 /* CantieriListView.swift */ = {isa = PBXFileReference; lastKnownFileType = sourcecode.swift; path = CantieriListView.swift; sourceTree = "<group>"; };
		DA6E535BFFD0F517AC369FC5 /* CaptureMatchAnalyzer.swift */ = {isa = PBXFileReference; lastKnownFileType = sourcecode.swift; path = CaptureMatchAnalyzer.swift; sourceTree = "<group>"; };
		E3968BB0A647FA6697945A87 /* AcrobaticaModels.swift */ = {isa = PBXFileReference; lastKnownFileType = sourcecode.swift; path = AcrobaticaModels.swift; sourceTree = "<group>"; };
		E6C202BCFA7055D0E02D5ECD /* AcrobaticaApp.swift */ = {isa = PBXFileReference; lastKnownFileType = sourcecode.swift; path = AcrobaticaApp.swift; sourceTree = "<group>"; };
		AB12C3D4E5F6071829304190 /* CrashReporter.swift */ = {isa = PBXFileReference; lastKnownFileType = sourcecode.swift; path = CrashReporter.swift; sourceTree = "<group>"; };
		F3131FAD44663090F22DE9AB /* DettaglioCantiereView.swift */ = {isa = PBXFileReference; lastKnownFileType = sourcecode.swift; path = DettaglioCantiereView.swift; sourceTree = "<group>"; };
		F4EB3402A0E87FE94AC35FEC /* TapWallPlaneView.swift */ = {isa = PBXFileReference; lastKnownFileType = sourcecode.swift; path = TapWallPlaneView.swift; sourceTree = "<group>"; };
		FA72429905ECAB4F881366B9 /* PitchLadderOverlay.swift */ = {isa = PBXFileReference; lastKnownFileType = sourcecode.swift; path = PitchLadderOverlay.swift; sourceTree = "<group>"; };
		AB12C3D4E5F6071829304150 /* ZonaFacciata.swift */ = {isa = PBXFileReference; lastKnownFileType = sourcecode.swift; path = ZonaFacciata.swift; sourceTree = "<group>"; };
		AB12C3D4E5F6071829304180 /* EditableMesh.swift */ = {isa = PBXFileReference; lastKnownFileType = sourcecode.swift; path = EditableMesh.swift; sourceTree = "<group>"; };
		AB12C3D4E5F6071829304152 /* MarcaturaFacciataView.swift */ = {isa = PBXFileReference; lastKnownFileType = sourcecode.swift; path = MarcaturaFacciataView.swift; sourceTree = "<group>"; };
		AB12C3D4E5F6071829304160 /* EditorMesh3DView.swift */ = {isa = PBXFileReference; lastKnownFileType = sourcecode.swift; path = EditorMesh3DView.swift; sourceTree = "<group>"; };
		AB12C3D4E5F6071829304154 /* EditorGestureView.swift */ = {isa = PBXFileReference; lastKnownFileType = sourcecode.swift; path = EditorGestureView.swift; sourceTree = "<group>"; };
/* End PBXFileReference section */

/* Begin PBXGroup section */
		141AB78919B3B5D20BDB4BB4 /* Acrobatica */ = {
			isa = PBXGroup;
			children = (
				E6C202BCFA7055D0E02D5ECD /* AcrobaticaApp.swift */,
				AB12C3D4E5F6071829304190 /* CrashReporter.swift */,
				578FA7BB14F86217CFEBCC1F /* Assets.xcassets */,
				AB12C3D4E5F6071829304170 /* facciata_demo.obj */,
				92D7F6D5CC7B960A9E720E63 /* Info.plist */,
				EFF8D7561ED35BAFBBD7AEA2 /* Capture */,
				F2B1724DCE58E84C49EFC3E3 /* DesignSystem */,
				F9CCF2D710D2124681B1DC30 /* Models */,
				C63B8B9189B739A93ABC5E18 /* Networking */,
				F060DBC55CC5F7BDBAF8D834 /* Screens */,
				E6DAFEA3838BD181E456E073 /* UI */,
			);
			path = Acrobatica;
			sourceTree = "<group>";
		};
		1D6647F5C7A9CD760145C715 = {
			isa = PBXGroup;
			children = (
				141AB78919B3B5D20BDB4BB4 /* Acrobatica */,
				980B1B9E9F8A69FD4D0325E8 /* Products */,
			);
			sourceTree = "<group>";
		};
		980B1B9E9F8A69FD4D0325E8 /* Products */ = {
			isa = PBXGroup;
			children = (
				8B3ECBCD2B0B463BAE03F0E2 /* Acrobatica.app */,
			);
			name = Products;
			sourceTree = "<group>";
		};
		AAAADBB877065B9C15186B51 /* Components */ = {
			isa = PBXGroup;
			children = (
				6F6CF9B766C137FCC0821F72 /* BrandButton.swift */,
				DA6E535BFFD0F517AC369FC5 /* CaptureMatchAnalyzer.swift */,
				6157C7309F698F67C834A225 /* CompassStripOverlay.swift */,
				AB12C3D4E5F6071829304154 /* EditorGestureView.swift */,
				2CDE35BF5B1B772E7F1572A3 /* FrameStrip.swift */,
				BCE794A2EB80DAF3460C7557 /* GlassPill.swift */,
				9E3164DE0B638CE170B20099 /* LevelGridOverlay.swift */,
				FA72429905ECAB4F881366B9 /* PitchLadderOverlay.swift */,
				D80C56BDFB1904F88745BAA2 /* ShutterButton.swift */,
				5B20DCB9C5930C96C5D83562 /* SmartGhostOverlay.swift */,
				61F1591E7033214CB58DF1CA /* DSComponents.swift */,
			);
			path = Components;
			sourceTree = "<group>";
		};
		C63B8B9189B739A93ABC5E18 /* Networking */ = {
			isa = PBXGroup;
			children = (
				49928F98B55B057264EDD010 /* BackendAPIClient.swift */,
			);
			path = Networking;
			sourceTree = "<group>";
		};
		E6DAFEA3838BD181E456E073 /* UI */ = {
			isa = PBXGroup;
			children = (
				59DAFDD7F2EB30EEBEB66FD8 /* ARPreviewView.swift */,
			);
			path = UI;
			sourceTree = "<group>";
		};
		EFF8D7561ED35BAFBBD7AEA2 /* Capture */ = {
			isa = PBXGroup;
			children = (
				9DE0A01CE25933D499B74A0C /* ARFacadeCaptureManager.swift */,
			);
			path = Capture;
			sourceTree = "<group>";
		};
		F060DBC55CC5F7BDBAF8D834 /* Screens */ = {
			isa = PBXGroup;
			children = (
				8E64A5DA5F2EC4D5C981EA98 /* AnteprimaPreventivoView.swift */,
				D8E07680504053B52C170437 /* CantieriListView.swift */,
				76BB94EDE2BAE0D54BA99139 /* CatturaARView.swift */,
				F3131FAD44663090F22DE9AB /* DettaglioCantiereView.swift */,
				CC222326D094F56C881CB927 /* FirmaClienteView.swift */,
				9BB324F04816C2F0232B916F /* ListaPreventiviView.swift */,
				AB12C3D4E5F6071829304152 /* MarcaturaFacciataView.swift */,
				AB12C3D4E5F6071829304160 /* EditorMesh3DView.swift */,
				863870D7CB1F9B497A9F7501 /* MeasureScaleView.swift */,
				5FACDED47CEB242E07978EE6 /* PDFPreventivoView.swift */,
				57FEA8EBFAA241D57DF68DA8 /* RectifyFacadeView.swift */,
				6A8E376261B27EA74B81C490 /* RisultatoPanoramaView.swift */,
				F4EB3402A0E87FE94AC35FEC /* TapWallPlaneView.swift */,
				5C0E9BEF88BD1F6D6E13FB8A /* SplashLoginView.swift */,
				38719F3F0ED654EEE5CEE36D /* HomeView.swift */,
				1891E2989C5A89651E9C7352 /* ClientiView.swift */,
				4D70B0B6E1EA01AEC9DCAE46 /* ListinoView.swift */,
				D88BF69EB1C6E671F3674235 /* ImpostazioniView.swift */,
			);
			path = Screens;
			sourceTree = "<group>";
		};
		F2B1724DCE58E84C49EFC3E3 /* DesignSystem */ = {
			isa = PBXGroup;
			children = (
				5539BCECE5689D083EFC227D /* Theme.swift */,
				AAAADBB877065B9C15186B51 /* Components */,
			);
			path = DesignSystem;
			sourceTree = "<group>";
		};
		F9CCF2D710D2124681B1DC30 /* Models */ = {
			isa = PBXGroup;
			children = (
				E3968BB0A647FA6697945A87 /* AcrobaticaModels.swift */,
				1445107498B1254682E63404 /* CapturedFacadePhoto.swift */,
				4AAB2ADE8C35D061B5FD941E /* FacadeCaptureSession.swift */,
				AB12C3D4E5F6071829304150 /* ZonaFacciata.swift */,
				AB12C3D4E5F6071829304180 /* EditableMesh.swift */,
				55090951851A63191759A171 /* DemoSeed.swift */,
			);
			path = Models;
			sourceTree = "<group>";
		};
/* End PBXGroup section */

/* Begin PBXNativeTarget section */
		63B79A82EB33BA1FC6B44FDE /* Acrobatica */ = {
			isa = PBXNativeTarget;
			buildConfigurationList = 819983CDA7E1933C73F5B6D3 /* Build configuration list for PBXNativeTarget "Acrobatica" */;
			buildPhases = (
				6B91C14A724F3606A1653086 /* Sources */,
				F2F3E9A6DBF53F7414673995 /* Resources */,
			);
			buildRules = (
			);
			dependencies = (
			);
			name = Acrobatica;
			packageProductDependencies = (
			);
			productName = Acrobatica;
			productReference = 8B3ECBCD2B0B463BAE03F0E2 /* Acrobatica.app */;
			productType = "com.apple.product-type.application";
		};
/* End PBXNativeTarget section */

/* Begin PBXProject section */
		A8B50C577B55AF2C3C9D736A /* Project object */ = {
			isa = PBXProject;
			attributes = {
				BuildIndependentTargetsInParallel = YES;
				LastUpgradeCheck = 1600;
				TargetAttributes = {
					63B79A82EB33BA1FC6B44FDE = {
						DevelopmentTeam = UKMVCW2U67;
						ProvisioningStyle = Automatic;
					};
				};
			};
			buildConfigurationList = C91DBF5E3733BD83AF917731 /* Build configuration list for PBXProject "Acrobatica" */;
			developmentRegion = it;
			hasScannedForEncodings = 0;
			knownRegions = (
				Base,
				it,
			);
			mainGroup = 1D6647F5C7A9CD760145C715;
			minimizedProjectReferenceProxies = 1;
			preferredProjectObjectVersion = 77;
			productRefGroup = 980B1B9E9F8A69FD4D0325E8 /* Products */;
			projectDirPath = "";
			projectRoot = "";
			targets = (
				63B79A82EB33BA1FC6B44FDE /* Acrobatica */,
			);
		};
/* End PBXProject section */

/* Begin PBXResourcesBuildPhase section */
		F2F3E9A6DBF53F7414673995 /* Resources */ = {
			isa = PBXResourcesBuildPhase;
			buildActionMask = 2147483647;
			files = (
				A201361AB22694F8A23394FC /* Assets.xcassets in Resources */,
				BB12C3D4E5F6071829304171 /* facciata_demo.obj in Resources */,
			);
			runOnlyForDeploymentPostprocessing = 0;
		};
/* End PBXResourcesBuildPhase section */

/* Begin PBXSourcesBuildPhase section */
		6B91C14A724F3606A1653086 /* Sources */ = {
			isa = PBXSourcesBuildPhase;
			buildActionMask = 2147483647;
			files = (
				61A1C8E5BAC7E4F62ECD9F0F /* ARFacadeCaptureManager.swift in Sources */,
				EFD0D633027E9752E22196D9 /* ARPreviewView.swift in Sources */,
				95C290024223B84A86688B8C /* AcrobaticaApp.swift in Sources */,
				BB12C3D4E5F6071829304191 /* CrashReporter.swift in Sources */,
				1BF4EA18F92D4771C5B00446 /* AcrobaticaModels.swift in Sources */,
				4CF65B0E4150636D653D1EA2 /* AnteprimaPreventivoView.swift in Sources */,
				AA2EA4B122224BDDFC786543 /* BackendAPIClient.swift in Sources */,
				C29C3712937D4BBB18CE1B78 /* BrandButton.swift in Sources */,
				51E5B427678DA897233BA9BC /* CantieriListView.swift in Sources */,
				448E7A52D8121E1AAB230BA2 /* CaptureMatchAnalyzer.swift in Sources */,
				569CEF5FFD3ABE86B3B35D3C /* CapturedFacadePhoto.swift in Sources */,
				AEDAFCAF02A652D1AF7F05F4 /* CatturaARView.swift in Sources */,
				C6EF437FAD19011ADD2F3B44 /* CompassStripOverlay.swift in Sources */,
				A72C629727199E4A5C16790E /* DettaglioCantiereView.swift in Sources */,
				233535E38489D6F2D259C217 /* FacadeCaptureSession.swift in Sources */,
				BB12C3D4E5F6071829304155 /* EditorGestureView.swift in Sources */,
				BB12C3D4E5F6071829304153 /* MarcaturaFacciataView.swift in Sources */,
				BB12C3D4E5F6071829304161 /* EditorMesh3DView.swift in Sources */,
				BB12C3D4E5F6071829304151 /* ZonaFacciata.swift in Sources */,
				BB12C3D4E5F6071829304181 /* EditableMesh.swift in Sources */,
				870811DCDE5C135871522F3E /* FirmaClienteView.swift in Sources */,
				3D39741B48AA0D8F6CAA1284 /* FrameStrip.swift in Sources */,
				7935F22E7734E3FA5FEF36B2 /* GlassPill.swift in Sources */,
				97D96D5A16B14AF888DF729E /* LevelGridOverlay.swift in Sources */,
				822051E32D6830231B04FDE0 /* ListaPreventiviView.swift in Sources */,
				93C526665DDE161B6F6198B4 /* MeasureScaleView.swift in Sources */,
				D0B9B8F66F1C12D909B1CEA9 /* PDFPreventivoView.swift in Sources */,
				CACC14F6D401EC9717BEF85A /* PitchLadderOverlay.swift in Sources */,
				FF556CD6897B68CD73CCE167 /* RectifyFacadeView.swift in Sources */,
				E3E6267F3038DC1DD6429160 /* RisultatoPanoramaView.swift in Sources */,
				FB6B50967C6052A165C60BC1 /* ShutterButton.swift in Sources */,
				913420FC6B940221A9650E59 /* SmartGhostOverlay.swift in Sources */,
				7173DDC306E4219F39ECB625 /* TapWallPlaneView.swift in Sources */,
				8CCCCE939DF41BBA325A945D /* Theme.swift in Sources */,
				E4994982EC1AD07DCA62E406 /* SplashLoginView.swift in Sources */,
				AEA6F29434FC031C9750A01C /* HomeView.swift in Sources */,
				266F56A73987AFF91C0A4378 /* ClientiView.swift in Sources */,
				926234C68E7BEC01994BAFAB /* ListinoView.swift in Sources */,
				0B18823F33FE484E760A9354 /* ImpostazioniView.swift in Sources */,
				509C271570CA52A51F20C5F1 /* DSComponents.swift in Sources */,
				C69BD837294C298D0D043CA4 /* DemoSeed.swift in Sources */,
			);
			runOnlyForDeploymentPostprocessing = 0;
		};
/* End PBXSourcesBuildPhase section */

/* Begin XCBuildConfiguration section */
		25FAFF13B4EEBE154FF7A8AF /* Debug */ = {
			isa = XCBuildConfiguration;
			buildSettings = {
				ALWAYS_SEARCH_USER_PATHS = NO;
				CLANG_ANALYZER_NONNULL = YES;
				CLANG_ANALYZER_NUMBER_OBJECT_CONVERSION = YES_AGGRESSIVE;
				CLANG_CXX_LANGUAGE_STANDARD = "gnu++14";
				CLANG_CXX_LIBRARY = "libc++";
				CLANG_ENABLE_MODULES = YES;
				CLANG_ENABLE_OBJC_ARC = YES;
				CLANG_ENABLE_OBJC_WEAK = YES;
				CLANG_WARN_BLOCK_CAPTURE_AUTORELEASING = YES;
				CLANG_WARN_BOOL_CONVERSION = YES;
				CLANG_WARN_COMMA = YES;
				CLANG_WARN_CONSTANT_CONVERSION = YES;
				CLANG_WARN_DEPRECATED_OBJC_IMPLEMENTATIONS = YES;
				CLANG_WARN_DIRECT_OBJC_ISA_USAGE = YES_ERROR;
				CLANG_WARN_DOCUMENTATION_COMMENTS = YES;
				CLANG_WARN_EMPTY_BODY = YES;
				CLANG_WARN_ENUM_CONVERSION = YES;
				CLANG_WARN_INFINITE_RECURSION = YES;
				CLANG_WARN_INT_CONVERSION = YES;
				CLANG_WARN_NON_LITERAL_NULL_CONVERSION = YES;
				CLANG_WARN_OBJC_IMPLICIT_RETAIN_SELF = YES;
				CLANG_WARN_OBJC_LITERAL_CONVERSION = YES;
				CLANG_WARN_OBJC_ROOT_CLASS = YES_ERROR;
				CLANG_WARN_QUOTED_INCLUDE_IN_FRAMEWORK_HEADER = YES;
				CLANG_WARN_RANGE_LOOP_ANALYSIS = YES;
				CLANG_WARN_STRICT_PROTOTYPES = YES;
				CLANG_WARN_SUSPICIOUS_MOVE = YES;
				CLANG_WARN_UNGUARDED_AVAILABILITY = YES_AGGRESSIVE;
				CLANG_WARN_UNREACHABLE_CODE = YES;
				CLANG_WARN__DUPLICATE_METHOD_MATCH = YES;
				COPY_PHASE_STRIP = NO;
				DEBUG_INFORMATION_FORMAT = dwarf;
				ENABLE_STRICT_OBJC_MSGSEND = YES;
				ENABLE_TESTABILITY = YES;
				GCC_C_LANGUAGE_STANDARD = gnu11;
				GCC_DYNAMIC_NO_PIC = NO;
				GCC_NO_COMMON_BLOCKS = YES;
				GCC_OPTIMIZATION_LEVEL = 0;
				GCC_PREPROCESSOR_DEFINITIONS = (
					"$(inherited)",
					"DEBUG=1",
				);
				GCC_WARN_64_TO_32_BIT_CONVERSION = YES;
				GCC_WARN_ABOUT_RETURN_TYPE = YES_ERROR;
				GCC_WARN_UNDECLARED_SELECTOR = YES;
				GCC_WARN_UNINITIALIZED_AUTOS = YES_AGGRESSIVE;
				GCC_WARN_UNUSED_FUNCTION = YES;
				GCC_WARN_UNUSED_VARIABLE = YES;
				IPHONEOS_DEPLOYMENT_TARGET = 16.0;
				MTL_ENABLE_DEBUG_INFO = INCLUDE_SOURCE;
				MTL_FAST_MATH = YES;
				ONLY_ACTIVE_ARCH = YES;
				PRODUCT_NAME = "$(TARGET_NAME)";
				SDKROOT = iphoneos;
				SWIFT_ACTIVE_COMPILATION_CONDITIONS = DEBUG;
				SWIFT_OPTIMIZATION_LEVEL = "-Onone";
				SWIFT_VERSION = 5.10;
				TARGETED_DEVICE_FAMILY = 1;
			};
			name = Debug;
		};
		4073DB180195688A28032061 /* Debug */ = {
			isa = XCBuildConfiguration;
			buildSettings = {
				ASSETCATALOG_COMPILER_APPICON_NAME = AppIcon;
				CODE_SIGN_IDENTITY = "iPhone Developer";
				CODE_SIGN_STYLE = Automatic;
				DEVELOPMENT_TEAM = UKMVCW2U67;
				ENABLE_DEBUG_DYLIB = NO;
				ENABLE_USER_SCRIPT_SANDBOXING = NO;
				GENERATE_INFOPLIST_FILE = NO;
				INFOPLIST_FILE = Acrobatica/Info.plist;
				IPHONEOS_DEPLOYMENT_TARGET = 16.0;
				LD_RUNPATH_SEARCH_PATHS = (
					"$(inherited)",
					"@executable_path/Frameworks",
				);
				PRODUCT_BUNDLE_IDENTIFIER = com.liscio.acrobatica.facciate;
				SDKROOT = iphoneos;
				SWIFT_OBJC_BRIDGING_HEADER = "";
				TARGETED_DEVICE_FAMILY = "1,2";
			};
			name = Debug;
		};
		76DF596F1F3023EA9D5270AD /* Release */ = {
			isa = XCBuildConfiguration;
			buildSettings = {
				ALWAYS_SEARCH_USER_PATHS = NO;
				CLANG_ANALYZER_NONNULL = YES;
				CLANG_ANALYZER_NUMBER_OBJECT_CONVERSION = YES_AGGRESSIVE;
				CLANG_CXX_LANGUAGE_STANDARD = "gnu++14";
				CLANG_CXX_LIBRARY = "libc++";
				CLANG_ENABLE_MODULES = YES;
				CLANG_ENABLE_OBJC_ARC = YES;
				CLANG_ENABLE_OBJC_WEAK = YES;
				CLANG_WARN_BLOCK_CAPTURE_AUTORELEASING = YES;
				CLANG_WARN_BOOL_CONVERSION = YES;
				CLANG_WARN_COMMA = YES;
				CLANG_WARN_CONSTANT_CONVERSION = YES;
				CLANG_WARN_DEPRECATED_OBJC_IMPLEMENTATIONS = YES;
				CLANG_WARN_DIRECT_OBJC_ISA_USAGE = YES_ERROR;
				CLANG_WARN_DOCUMENTATION_COMMENTS = YES;
				CLANG_WARN_EMPTY_BODY = YES;
				CLANG_WARN_ENUM_CONVERSION = YES;
				CLANG_WARN_INFINITE_RECURSION = YES;
				CLANG_WARN_INT_CONVERSION = YES;
				CLANG_WARN_NON_LITERAL_NULL_CONVERSION = YES;
				CLANG_WARN_OBJC_IMPLICIT_RETAIN_SELF = YES;
				CLANG_WARN_OBJC_LITERAL_CONVERSION = YES;
				CLANG_WARN_OBJC_ROOT_CLASS = YES_ERROR;
				CLANG_WARN_QUOTED_INCLUDE_IN_FRAMEWORK_HEADER = YES;
				CLANG_WARN_RANGE_LOOP_ANALYSIS = YES;
				CLANG_WARN_STRICT_PROTOTYPES = YES;
				CLANG_WARN_SUSPICIOUS_MOVE = YES;
				CLANG_WARN_UNGUARDED_AVAILABILITY = YES_AGGRESSIVE;
				CLANG_WARN_UNREACHABLE_CODE = YES;
				CLANG_WARN__DUPLICATE_METHOD_MATCH = YES;
				COPY_PHASE_STRIP = NO;
				DEBUG_INFORMATION_FORMAT = "dwarf-with-dsym";
				ENABLE_NS_ASSERTIONS = NO;
				ENABLE_STRICT_OBJC_MSGSEND = YES;
				GCC_C_LANGUAGE_STANDARD = gnu11;
				GCC_NO_COMMON_BLOCKS = YES;
				GCC_WARN_64_TO_32_BIT_CONVERSION = YES;
				GCC_WARN_ABOUT_RETURN_TYPE = YES_ERROR;
				GCC_WARN_UNDECLARED_SELECTOR = YES;
				GCC_WARN_UNINITIALIZED_AUTOS = YES_AGGRESSIVE;
				GCC_WARN_UNUSED_FUNCTION = YES;
				GCC_WARN_UNUSED_VARIABLE = YES;
				IPHONEOS_DEPLOYMENT_TARGET = 16.0;
				MTL_ENABLE_DEBUG_INFO = NO;
				MTL_FAST_MATH = YES;
				PRODUCT_NAME = "$(TARGET_NAME)";
				SDKROOT = iphoneos;
				SWIFT_COMPILATION_MODE = wholemodule;
				SWIFT_OPTIMIZATION_LEVEL = "-O";
				SWIFT_VERSION = 5.10;
				TARGETED_DEVICE_FAMILY = 1;
			};
			name = Release;
		};
		A7A331D7DE27BF9B1B29D796 /* Release */ = {
			isa = XCBuildConfiguration;
			buildSettings = {
				ASSETCATALOG_COMPILER_APPICON_NAME = AppIcon;
				CODE_SIGN_IDENTITY = "iPhone Developer";
				CODE_SIGN_STYLE = Automatic;
				DEVELOPMENT_TEAM = UKMVCW2U67;
				ENABLE_DEBUG_DYLIB = NO;
				ENABLE_USER_SCRIPT_SANDBOXING = NO;
				GENERATE_INFOPLIST_FILE = NO;
				INFOPLIST_FILE = Acrobatica/Info.plist;
				IPHONEOS_DEPLOYMENT_TARGET = 16.0;
				LD_RUNPATH_SEARCH_PATHS = (
					"$(inherited)",
					"@executable_path/Frameworks",
				);
				PRODUCT_BUNDLE_IDENTIFIER = com.liscio.acrobatica.facciate;
				SDKROOT = iphoneos;
				SWIFT_OBJC_BRIDGING_HEADER = "";
				TARGETED_DEVICE_FAMILY = "1,2";
			};
			name = Release;
		};
/* End XCBuildConfiguration section */

/* Begin XCConfigurationList section */
		819983CDA7E1933C73F5B6D3 /* Build configuration list for PBXNativeTarget "Acrobatica" */ = {
			isa = XCConfigurationList;
			buildConfigurations = (
				4073DB180195688A28032061 /* Debug */,
				A7A331D7DE27BF9B1B29D796 /* Release */,
			);
			defaultConfigurationIsVisible = 0;
			defaultConfigurationName = Debug;
		};
		C91DBF5E3733BD83AF917731 /* Build configuration list for PBXProject "Acrobatica" */ = {
			isa = XCConfigurationList;
			buildConfigurations = (
				25FAFF13B4EEBE154FF7A8AF /* Debug */,
				76DF596F1F3023EA9D5270AD /* Release */,
			);
			defaultConfigurationIsVisible = 0;
			defaultConfigurationName = Debug;
		};
/* End XCConfigurationList section */
	};
	rootObject = A8B50C577B55AF2C3C9D736A /* Project object */;
}
